// !$*UTF8*$!
{
	archiveVersion = 1;
	classes = {
	};
	objectVersion = 50;
	objects = {

/* Begin PBXBuildFile section */
		6A484D1A243210FA00FC83FB /* AppDelegate.swift in Sources */ = {isa = PBXBuildFile; fileRef = 6A484D19243210FA00FC83FB /* AppDelegate.swift */; };
		6A484D1C243210FA00FC83FB /* SceneDelegate.swift in Sources */ = {isa = PBXBuildFile; fileRef = 6A484D1B243210FA00FC83FB /* SceneDelegate.swift */; };
		6A484D1E243210FA00FC83FB /* ContentView.swift in Sources */ = {isa = PBXBuildFile; fileRef = 6A484D1D243210FA00FC83FB /* ContentView.swift */; };
		6A484D20243210FD00FC83FB /* Assets.xcassets in Resources */ = {isa = PBXBuildFile; fileRef = 6A484D1F243210FD00FC83FB /* Assets.xcassets */; };
		6A484D23243210FD00FC83FB /* Preview Assets.xcassets in Resources */ = {isa = PBXBuildFile; fileRef = 6A484D22243210FD00FC83FB /* Preview Assets.xcassets */; };
		6A484D26243210FD00FC83FB /* LaunchScreen.storyboard in Resources */ = {isa = PBXBuildFile; fileRef = 6A484D24243210FD00FC83FB /* LaunchScreen.storyboard */; };
		6A7B6A39243646500016B5C3 /* AstronautView.swift in Sources */ = {isa = PBXBuildFile; fileRef = 6A7B6A38243646500016B5C3 /* AstronautView.swift */; };
		6AC144A42435FCBD00BFB59D /* MissionView.swift in Sources */ = {isa = PBXBuildFile; fileRef = 6AC144A32435FCBD00BFB59D /* MissionView.swift */; };
		6AD37E7324336C5200B18E37 /* missions.json in Resources */ = {isa = PBXBuildFile; fileRef = 6AD37E7124336C5200B18E37 /* missions.json */; };
		6AD37E7424336C5200B18E37 /* astronauts.json in Resources */ = {isa = PBXBuildFile; fileRef = 6AD37E7224336C5200B18E37 /* astronauts.json */; };
		6AD37E7624336DC600B18E37 /* Astronaut.swift in Sources */ = {isa = PBXBuildFile; fileRef = 6AD37E7524336DC600B18E37 /* Astronaut.swift */; };
		6AD37E782433706900B18E37 /* Bundle-Decodable.swift in Sources */ = {isa = PBXBuildFile; fileRef = 6AD37E772433706900B18E37 /* Bundle-Decodable.swift */; };
		6AD37E7A24337A1800B18E37 /* Mission.swift in Sources */ = {isa = PBXBuildFile; fileRef = 6AD37E7924337A1800B18E37 /* Mission.swift */; };
/* End PBXBuildFile section */

/* Begin PBXFileReference section */
		6A484D16243210FA00FC83FB /* Moonshot.app */ = {isa = PBXFileReference; explicitFileType = wrapper.application; includeInIndex = 0; path = Moonshot.app; sourceTree = BUILT_PRODUCTS_DIR; };
		6A484D19243210FA00FC83FB /* AppDelegate.swift */ = {isa = PBXFileReference; lastKnownFileType = sourcecode.swift; path = AppDelegate.swift; sourceTree = "<group>"; };
		6A484D1B243210FA00FC83FB /* SceneDelegate.swift */ = {isa = PBXFileReference; lastKnownFileType = sourcecode.swift; path = SceneDelegate.swift; sourceTree = "<group>"; };
		6A484D1D243210FA00FC83FB /* ContentView.swift */ = {isa = PBXFileReference; lastKnownFileType = sourcecode.swift; path = ContentView.swift; sourceTree = "<group>"; };
		6A484D1F243210FD00FC83FB /* Assets.xcassets */ = {isa = PBXFileReference; lastKnownFileType = folder.assetcatalog; path = Assets.xcassets; sourceTree = "<group>"; };
		6A484D22243210FD00FC83FB /* Preview Assets.xcassets */ = {isa = PBXFileReference; lastKnownFileType = folder.assetcatalog; path = "Preview Assets.xcassets"; sourceTree = "<group>"; };
		6A484D25243210FD00FC83FB /* Base */ = {isa = PBXFileReference; lastKnownFileType = file.storyboard; name = Base; path = Base.lproj/LaunchScreen.storyboard; sourceTree = "<group>"; };
		6A484D27243210FD00FC83FB /* Info.plist */ = {isa = PBXFileReference; lastKnownFileType = text.plist.xml; path = Info.plist; sourceTree = "<group>"; };
		6A7B6A38243646500016B5C3 /* AstronautView.swift */ = {isa = PBXFileReference; lastKnownFileType = sourcecode.swift; path = AstronautView.swift; sourceTree = "<group>"; };
		6AC144A32435FCBD00BFB59D /* MissionView.swift */ = {isa = PBXFileReference; lastKnownFileType = sourcecode.swift; path = MissionView.swift; sourceTree = "<group>"; };
		6AD37E7124336C5200B18E37 /* missions.json */ = {isa = PBXFileReference; fileEncoding = 4; lastKnownFileType = text.json; path = missions.json; sourceTree = "<group>"; };
		6AD37E7224336C5200B18E37 /* astronauts.json */ = {isa = PBXFileReference; fileEncoding = 4; lastKnownFileType = text.json; path = astronauts.json; sourceTree = "<group>"; };
		6AD37E7524336DC600B18E37 /* Astronaut.swift */ = {isa = PBXFileReference; lastKnownFileType = sourcecode.swift; path = Astronaut.swift; sourceTree = "<group>"; };
		6AD37E772433706900B18E37 /* Bundle-Decodable.swift */ = {isa = PBXFileReference; lastKnownFileType = sourcecode.swift; path = "Bundle-Decodable.swift"; sourceTree = "<group>"; };
		6AD37E7924337A1800B18E37 /* Mission.swift */ = {isa = PBXFileReference; lastKnownFileType = sourcecode.swift; path = Mission.swift; sourceTree = "<group>"; };
/* End PBXFileReference section */

/* Begin PBXFrameworksBuildPhase section */
		6A484D13243210FA00FC83FB /* Frameworks */ = {
			isa = PBXFrameworksBuildPhase;
			buildActionMask = 2147483647;
			files = (
			);
			runOnlyForDeploymentPostprocessing = 0;
		};
/* End PBXFrameworksBuildPhase section */

/* Begin PBXGroup section */
		6A484D0D243210FA00FC83FB = {
			isa = PBXGroup;
			children = (
				6A484D18243210FA00FC83FB /* Moonshot */,
				6A484D17243210FA00FC83FB /* Products */,
			);
			sourceTree = "<group>";
		};
		6A484D17243210FA00FC83FB /* Products */ = {
			isa = PBXGroup;
			children = (
				6A484D16243210FA00FC83FB /* Moonshot.app */,
			);
			name = Products;
			sourceTree = "<group>";
		};
		6A484D18243210FA00FC83FB /* Moonshot */ = {
			isa = PBXGroup;
			children = (
				6A484D19243210FA00FC83FB /* AppDelegate.swift */,
				6A484D1B243210FA00FC83FB /* SceneDelegate.swift */,
				6AED087324379D5B00F0D79E /* Views */,
				6A484D1F243210FD00FC83FB /* Assets.xcassets */,
				6A484D24243210FD00FC83FB /* LaunchScreen.storyboard */,
				6A484D27243210FD00FC83FB /* Info.plist */,
				6AD37E772433706900B18E37 /* Bundle-Decodable.swift */,
				6AD37E7224336C5200B18E37 /* astronauts.json */,
				6AD37E7124336C5200B18E37 /* missions.json */,
				6AF1396D243798440017E0B9 /* Model */,
				6A484D21243210FD00FC83FB /* Preview Content */,
			);
			path = Moonshot;
			sourceTree = "<group>";
		};
		6A484D21243210FD00FC83FB /* Preview Content */ = {
			isa = PBXGroup;
			children = (
				6A484D22243210FD00FC83FB /* Preview Assets.xcassets */,
			);
			path = "Preview Content";
			sourceTree = "<group>";
		};
		6AED087324379D5B00F0D79E /* Views */ = {
			isa = PBXGroup;
			children = (
				6A484D1D243210FA00FC83FB /* ContentView.swift */,
				6A7B6A38243646500016B5C3 /* AstronautView.swift */,
				6AC144A32435FCBD00BFB59D /* MissionView.swift */,
			);
			path = Views;
			sourceTree = "<group>";
		};
		6AF1396D243798440017E0B9 /* Model */ = {
			isa = PBXGroup;
			children = (
				6AD37E7524336DC600B18E37 /* Astronaut.swift */,
				6AD37E7924337A1800B18E37 /* Mission.swift */,
			);
			path = Model;
			sourceTree = "<group>";
		};
/* End PBXGroup section */

/* Begin PBXNativeTarget section */
		6A484D15243210FA00FC83FB /* Moonshot */ = {
			isa = PBXNativeTarget;
			buildConfigurationList = 6A484D2A243210FD00FC83FB /* Build configuration list for PBXNativeTarget "Moonshot" */;
			buildPhases = (
				6A484D12243210FA00FC83FB /* Sources */,
				6A484D13243210FA00FC83FB /* Frameworks */,
				6A484D14243210FA00FC83FB /* Resources */,
			);
			buildRules = (
			);
			dependencies = (
			);
			name = Moonshot;
			productName = Moonshot;
			productReference = 6A484D16243210FA00FC83FB /* Moonshot.app */;
			productType = "com.apple.product-type.application";
		};
/* End PBXNativeTarget section */

/* Begin PBXProject section */
		6A484D0E243210FA00FC83FB /* Project object */ = {
			isa = PBXProject;
			attributes = {
				LastSwiftUpdateCheck = 1140;
				LastUpgradeCheck = 1140;
				ORGANIZATIONNAME = "Yuri Stanislavsky";
				TargetAttributes = {
					6A484D15243210FA00FC83FB = {
						CreatedOnToolsVersion = 11.4;
					};
				};
			};
			buildConfigurationList = 6A484D11243210FA00FC83FB /* Build configuration list for PBXProject "Moonshot" */;
			compatibilityVersion = "Xcode 9.3";
			developmentRegion = en;
			hasScannedForEncodings = 0;
			knownRegions = (
				en,
				Base,
			);
			mainGroup = 6A484D0D243210FA00FC83FB;
			productRefGroup = 6A484D17243210FA00FC83FB /* Products */;
			projectDirPath = "";
			projectRoot = "";
			targets = (
				6A484D15243210FA00FC83FB /* Moonshot */,
			);
		};
/* End PBXProject section */

/* Begin PBXResourcesBuildPhase section */
		6A484D14243210FA00FC83FB /* Resources */ = {
			isa = PBXResourcesBuildPhase;
			buildActionMask = 2147483647;
			files = (
				6A484D26243210FD00FC83FB /* LaunchScreen.storyboard in Resources */,
				6A484D23243210FD00FC83FB /* Preview Assets.xcassets in Resources */,
				6AD37E7324336C5200B18E37 /* missions.json in Resources */,
				6AD37E7424336C5200B18E37 /* astronauts.json in Resources */,
				6A484D20243210FD00FC83FB /* Assets.xcassets in Resources */,
			);
			runOnlyForDeploymentPostprocessing = 0;
		};
/* End PBXResourcesBuildPhase section */

/* Begin PBXSourcesBuildPhase section */
		6A484D12243210FA00FC83FB /* Sources */ = {
			isa = PBXSourcesBuildPhase;
			buildActionMask = 2147483647;
			files = (
				6AC144A42435FCBD00BFB59D /* MissionView.swift in Sources */,
				6AD37E7A24337A1800B18E37 /* Mission.swift in Sources */,
				6A7B6A39243646500016B5C3 /* AstronautView.swift in Sources */,
				6A484D1A243210FA00FC83FB /* AppDelegate.swift in Sources */,
				6A484D1C243210FA00FC83FB /* SceneDelegate.swift in Sources */,
				6AD37E782433706900B18E37 /* Bundle-Decodable.swift in Sources */,
				6A484D1E243210FA00FC83FB /* ContentView.swift in Sources */,
				6AD37E7624336DC600B18E37 /* Astronaut.swift in Sources */,
			);
			runOnlyForDeploymentPostprocessing = 0;
		};
/* End PBXSourcesBuildPhase section */

/* Begin PBXVariantGroup section */
		6A484D24243210FD00FC83FB /* LaunchScreen.storyboard */ = {
			isa = PBXVariantGroup;
			children = (
				6A484D25243210FD00FC83FB /* Base */,
			);
			name = LaunchScreen.storyboard;
			sourceTree = "<group>";
		};
/* End PBXVariantGroup section */

/* Begin XCBuildConfiguration section */
		6A484D28243210FD00FC83FB /* Debug */ = {
			isa = XCBuildConfiguration;
			buildSettings = {
				ALWAYS_SEARCH_USER_PATHS = NO;
				CLANG_ANALYZER_NONNULL = YES;
				CLANG_ANALYZER_NUMBER_OBJECT_CONVERSION = YES_AGGRESSIVE;
				CLANG_CXX_LANGUAGE_STANDARD = "gnu++14";
				CLANG_CXX_LIBRARY = "libc++";
				CLANG_ENABLE_MODULES = YES;
				CLANG_ENABLE_OBJC_ARC = YES;
				CLANG_ENABLE_OBJC_WEAK = YES;
				CLANG_WARN_BLOCK_CAPTURE_AUTORELEASING = YES;
				CLANG_WARN_BOOL_CONVERSION = YES;
				CLANG_WARN_COMMA = YES;
				CLANG_WARN_CONSTANT_CONVERSION = YES;
				CLANG_WARN_DEPRECATED_OBJC_IMPLEMENTATIONS = YES;
				CLANG_WARN_DIRECT_OBJC_ISA_USAGE = YES_ERROR;
				CLANG_WARN_DOCUMENTATION_COMMENTS = YES;
				CLANG_WARN_EMPTY_BODY = YES;
				CLANG_WARN_ENUM_CONVERSION = YES;
				CLANG_WARN_INFINITE_RECURSION = YES;
				CLANG_WARN_INT_CONVERSION = YES;
				CLANG_WARN_NON_LITERAL_NULL_CONVERSION = YES;
				CLANG_WARN_OBJC_IMPLICIT_RETAIN_SELF = YES;
				CLANG_WARN_OBJC_LITERAL_CONVERSION = YES;
				CLANG_WARN_OBJC_ROOT_CLASS = YES_ERROR;
				CLANG_WARN_RANGE_LOOP_ANALYSIS = YES;
				CLANG_WARN_STRICT_PROTOTYPES = YES;
				CLANG_WARN_SUSPICIOUS_MOVE = YES;
				CLANG_WARN_UNGUARDED_AVAILABILITY = YES_AGGRESSIVE;
				CLANG_WARN_UNREACHABLE_CODE = YES;
				CLANG_WARN__DUPLICATE_METHOD_MATCH = YES;
				COPY_PHASE_STRIP = NO;
				DEBUG_INFORMATION_FORMAT = dwarf;
				ENABLE_STRICT_OBJC_MSGSEND = YES;
				ENABLE_TESTABILITY = YES;
				GCC_C_LANGUAGE_STANDARD = gnu11;
				GCC_DYNAMIC_NO_PIC = NO;
				GCC_NO_COMMON_BLOCKS = YES;
				GCC_OPTIMIZATION_LEVEL = 0;
				GCC_PREPROCESSOR_DEFINITIONS = (
					"DEBUG=1",
					"$(inherited)",
				);
				GCC_WARN_64_TO_32_BIT_CONVERSION = YES;
				GCC_WARN_ABOUT_RETURN_TYPE = YES_ERROR;
				GCC_WARN_UNDECLARED_SELECTOR = YES;
				GCC_WARN_UNINITIALIZED_AUTOS = YES_AGGRESSIVE;
				GCC_WARN_UNUSED_FUNCTION = YES;
				GCC_WARN_UNUSED_VARIABLE = YES;
				IPHONEOS_DEPLOYMENT_TARGET = 13.4;
				MTL_ENABLE_DEBUG_INFO = INCLUDE_SOURCE;
				MTL_FAST_MATH = YES;
				ONLY_ACTIVE_ARCH = YES;
				SDKROOT = iphoneos;
				SWIFT_ACTIVE_COMPILATION_CONDITIONS = DEBUG;
				SWIFT_OPTIMIZATION_LEVEL = "-Onone";
			};
			name = Debug;
		};
		6A484D29243210FD00FC83FB /* Release */ = {
			isa = XCBuildConfiguration;
			buildSettings = {
				ALWAYS_SEARCH_USER_PATHS = NO;
				CLANG_ANALYZER_NONNULL = YES;
				CLANG_ANALYZER_NUMBER_OBJECT_CONVERSION = YES_AGGRESSIVE;
				CLANG_CXX_LANGUAGE_STANDARD = "gnu++14";
				CLANG_CXX_LIBRARY = "libc++";
				CLANG_ENABLE_MODULES = YES;
				CLANG_ENABLE_OBJC_ARC = YES;
				CLANG_ENABLE_OBJC_WEAK = YES;
				CLANG_WARN_BLOCK_CAPTURE_AUTORELEASING = YES;
				CLANG_WARN_BOOL_CONVERSION = YES;
				CLANG_WARN_COMMA = YES;
				CLANG_WARN_CONSTANT_CONVERSION = YES;
				CLANG_WARN_DEPRECATED_OBJC_IMPLEMENTATIONS = YES;
				CLANG_WARN_DIRECT_OBJC_ISA_USAGE = YES_ERROR;
				CLANG_WARN_DOCUMENTATION_COMMENTS = YES;
				CLANG_WARN_EMPTY_BODY = YES;
				CLANG_WARN_ENUM_CONVERSION = YES;
				CLANG_WARN_INFINITE_RECURSION = YES;
				CLANG_WARN_INT_CONVERSION = YES;
				CLANG_WARN_NON_LITERAL_NULL_CONVERSION = YES;
				CLANG_WARN_OBJC_IMPLICIT_RETAIN_SELF = YES;
				CLANG_WARN_OBJC_LITERAL_CONVERSION = YES;
				CLANG_WARN_OBJC_ROOT_CLASS = YES_ERROR;
				CLANG_WARN_RANGE_LOOP_ANALYSIS = YES;
				CLANG_WARN_STRICT_PROTOTYPES = YES;
				CLANG_WARN_SUSPICIOUS_MOVE = YES;
				CLANG_WARN_UNGUARDED_AVAILABILITY = YES_AGGRESSIVE;
				CLANG_WARN_UNREACHABLE_CODE = YES;
				CLANG_WARN__DUPLICATE_METHOD_MATCH = YES;
				COPY_PHASE_STRIP = NO;
				DEBUG_INFORMATION_FORMAT = "dwarf-with-dsym";
				ENABLE_NS_ASSERTIONS = NO;
				ENABLE_STRICT_OBJC_MSGSEND = YES;
				GCC_C_LANGUAGE_STANDARD = gnu11;
				GCC_NO_COMMON_BLOCKS = YES;
				GCC_WARN_64_TO_32_BIT_CONVERSION = YES;
				GCC_WARN_ABOUT_RETURN_TYPE = YES_ERROR;
				GCC_WARN_UNDECLARED_SELECTOR = YES;
				GCC_WARN_UNINITIALIZED_AUTOS = YES_AGGRESSIVE;
				GCC_WARN_UNUSED_FUNCTION = YES;
				GCC_WARN_UNUSED_VARIABLE = YES;
				IPHONEOS_DEPLOYMENT_TARGET = 13.4;
				MTL_ENABLE_DEBUG_INFO = NO;
				MTL_FAST_MATH = YES;
				SDKROOT = iphoneos;
				SWIFT_COMPILATION_MODE = wholemodule;
				SWIFT_OPTIMIZATION_LEVEL = "-O";
				VALIDATE_PRODUCT = YES;
			};
			name = Release;
		};
		6A484D2B243210FD00FC83FB /* Debug */ = {
			isa = XCBuildConfiguration;
			buildSettings = {
				ASSETCATALOG_COMPILER_APPICON_NAME = AppIcon;
				CODE_SIGN_STYLE = Automatic;
				DEVELOPMENT_ASSET_PATHS = "\"Moonshot/Preview Content\"";
				DEVELOPMENT_TEAM = S9CHUPXMVG;
				ENABLE_PREVIEWS = YES;
				INFOPLIST_FILE = Moonshot/Info.plist;
				LD_RUNPATH_SEARCH_PATHS = (
					"$(inherited)",
					"@executable_path/Frameworks",
				);
				PRODUCT_BUNDLE_IDENTIFIER = me.stanislavsky.yuri.Moonshot;
				PRODUCT_NAME = "$(TARGET_NAME)";
				SWIFT_VERSION = 5.0;
				TARGETED_DEVICE_FAMILY = "1,2";
			};
			name = Debug;
		};
		6A484D2C243210FD00FC83FB /* Release */ = {
			isa = XCBuildConfiguration;
			buildSettings = {
				ASSETCATALOG_COMPILER_APPICON_NAME = AppIcon;
				CODE_SIGN_STYLE = Automatic;
				DEVELOPMENT_ASSET_PATHS = "\"Moonshot/Preview Content\"";
				DEVELOPMENT_TEAM = S9CHUPXMVG;
				ENABLE_PREVIEWS = YES;
				INFOPLIST_FILE = Moonshot/Info.plist;
				LD_RUNPATH_SEARCH_PATHS = (
					"$(inherited)",
					"@executable_path/Frameworks",
				);
				PRODUCT_BUNDLE_IDENTIFIER = me.stanislavsky.yuri.Moonshot;
				PRODUCT_NAME = "$(TARGET_NAME)";
				SWIFT_VERSION = 5.0;
				TARGETED_DEVICE_FAMILY = "1,2";
			};
			name = Release;
		};
/* End XCBuildConfiguration section */

/* Begin XCConfigurationList section */
		6A484D11243210FA00FC83FB /* Build configuration list for PBXProject "Moonshot" */ = {
			isa = XCConfigurationList;
			buildConfigurations = (
				6A484D28243210FD00FC83FB /* Debug */,
				6A484D29243210FD00FC83FB /* Release */,
			);
			defaultConfigurationIsVisible = 0;
			defaultConfigurationName = Release;
		};
		6A484D2A243210FD00FC83FB /* Build configuration list for PBXNativeTarget "Moonshot" */ = {
			isa = XCConfigurationList;
			buildConfigurations = (
				6A484D2B243210FD00FC83FB /* Debug */,
				6A484D2C243210FD00FC83FB /* Release */,
			);
			defaultConfigurationIsVisible = 0;
			defaultConfigurationName = Release;
		};
/* End XCConfigurationList section */
	};
	rootObject = 6A484D0E243210FA00FC83FB /* Project object */;
}
